
Microsoft Visual Studio Solution File, Format Version 12.00
# Visual Studio 15
VisualStudioVersion = 15.0.28010.2048
MinimumVisualStudioVersion = 10.0.40219.1
Project("{FAE04EC0-301F-11D3-BF4B-00C04F79EFBC}") = "TreeMaxPath", "TreeMaxPath\TreeMaxPath.csproj", "{88383E82-E31C-48BD-977D-E6A2B77FC383}"
EndProject
Project("{FAE04EC0-301F-11D3-BF4B-00C04F79EFBC}") = "TreeMaxPath.UnitTest", "TreeMaxPath.UnitTest\TreeMaxPath.UnitTest.csproj", "{FF0F23C6-D1C7-49BF-BB10-376CDF68BF11}"
EndProject
Global
	GlobalSection(SolutionConfigurationPlatforms) = preSolution
		Debug|Any CPU = Debug|Any CPU
		Release|Any CPU = Release|Any CPU
	EndGlobalSection
	GlobalSection(ProjectConfigurationPlatforms) = postSolution
		{88383E82-E31C-48BD-977D-E6A2B77FC383}.Debug|Any CPU.ActiveCfg = Debug|Any CPU
		{88383E82-E31C-48BD-977D-E6A2B77FC383}.Debug|Any CPU.Build.0 = Debug|Any CPU
		{88383E82-E31C-48BD-977D-E6A2B77FC383}.Release|Any CPU.ActiveCfg = Release|Any CPU
		{88383E82-E31C-48BD-977D-E6A2B77FC383}.Release|Any CPU.Build.0 = Release|Any CPU
		{FF0F23C6-D1C7-49BF-BB10-376CDF68BF11}.Debug|Any CPU.ActiveCfg = Debug|Any CPU
		{FF0F23C6-D1C7-49BF-BB10-376CDF68BF11}.Debug|Any CPU.Build.0 = Debug|Any CPU
		{FF0F23C6-D1C7-49BF-BB10-376CDF68BF11}.Release|Any CPU.ActiveCfg = Release|Any CPU
		{FF0F23C6-D1C7-49BF-BB10-376CDF68BF11}.Release|Any CPU.Build.0 = Release|Any CPU
	EndGlobalSection
	GlobalSection(SolutionProperties) = preSolution
		HideSolutionNode = FALSE
	EndGlobalSection
	GlobalSection(ExtensibilityGlobals) = postSolution
		SolutionGuid = {E083AF05-CDD9-49BA-8B42-E1548D4647D5}
	EndGlobalSection
EndGlobal
